
Microsoft Visual Studio Solution File, Format Version 12.00
# Visual Studio Version 17
VisualStudioVersion = 17.7.34009.444
MinimumVisualStudioVersion = 10.0.40219.1
Project("{FAE04EC0-301F-11D3-BF4B-00C04F79EFBC}") = "Iksha_Api_Practice", "Iksha_Api_Practice.csproj", "{864309ED-E4C6-48B4-9B3C-5B3CFFA5857E}"
EndProject
Global
	GlobalSection(SolutionConfigurationPlatforms) = preSolution
		Debug|Any CPU = Debug|Any CPU
		Release|Any CPU = Release|Any CPU
	EndGlobalSection
	GlobalSection(ProjectConfigurationPlatforms) = postSolution
		{864309ED-E4C6-48B4-9B3C-5B3CFFA5857E}.Debug|Any CPU.ActiveCfg = Debug|Any CPU
		{864309ED-E4C6-48B4-9B3C-5B3CFFA5857E}.Debug|Any CPU.Build.0 = Debug|Any CPU
		{864309ED-E4C6-48B4-9B3C-5B3CFFA5857E}.Release|Any CPU.ActiveCfg = Release|Any CPU
		{864309ED-E4C6-48B4-9B3C-5B3CFFA5857E}.Release|Any CPU.Build.0 = Release|Any CPU
	EndGlobalSection
	GlobalSection(SolutionProperties) = preSolution
		HideSolutionNode = FALSE
	EndGlobalSection
	GlobalSection(ExtensibilityGlobals) = postSolution
		SolutionGuid = {71EBFE07-657B-49D2-A411-1A9F01509EC4}
	EndGlobalSection
EndGlobal
